// !$*UTF8*$!
{
	archiveVersion = 1;
	classes = {
	};
	objectVersion = 50;
	objects = {

/* Begin PBXBuildFile section */
		3E1C0CBA26E9AFA000C5C757 /* AppDelegate.swift in Sources */ = {isa = PBXBuildFile; fileRef = 3E1C0CB926E9AFA000C5C757 /* AppDelegate.swift */; };
		3E1C0CBC26E9AFA000C5C757 /* SceneDelegate.swift in Sources */ = {isa = PBXBuildFile; fileRef = 3E1C0CBB26E9AFA000C5C757 /* SceneDelegate.swift */; };
		3E1C0CBE26E9AFA000C5C757 /* ViewController.swift in Sources */ = {isa = PBXBuildFile; fileRef = 3E1C0CBD26E9AFA000C5C757 /* ViewController.swift */; };
		3E1C0CC126E9AFA000C5C757 /* Main.storyboard in Resources */ = {isa = PBXBuildFile; fileRef = 3E1C0CBF26E9AFA000C5C757 /* Main.storyboard */; };
		3E1C0CC326E9AFA300C5C757 /* Assets.xcassets in Resources */ = {isa = PBXBuildFile; fileRef = 3E1C0CC226E9AFA300C5C757 /* Assets.xcassets */; };
		3E1C0CC626E9AFA300C5C757 /* LaunchScreen.storyboard in Resources */ = {isa = PBXBuildFile; fileRef = 3E1C0CC426E9AFA300C5C757 /* LaunchScreen.storyboard */; };
		3E1C0CD126E9AFA300C5C757 /* LastCall_AppTests.swift in Sources */ = {isa = PBXBuildFile; fileRef = 3E1C0CD026E9AFA300C5C757 /* LastCall_AppTests.swift */; };
		3E1C0CDC26E9AFA300C5C757 /* LastCall_AppUITests.swift in Sources */ = {isa = PBXBuildFile; fileRef = 3E1C0CDB26E9AFA300C5C757 /* LastCall_AppUITests.swift */; };
/* End PBXBuildFile section */

/* Begin PBXContainerItemProxy section */
		3E1C0CCD26E9AFA300C5C757 /* PBXContainerItemProxy */ = {
			isa = PBXContainerItemProxy;
			containerPortal = 3E1C0CAE26E9AFA000C5C757 /* Project object */;
			proxyType = 1;
			remoteGlobalIDString = 3E1C0CB526E9AFA000C5C757;
			remoteInfo = "LastCall-App";
		};
		3E1C0CD826E9AFA300C5C757 /* PBXContainerItemProxy */ = {
			isa = PBXContainerItemProxy;
			containerPortal = 3E1C0CAE26E9AFA000C5C757 /* Project object */;
			proxyType = 1;
			remoteGlobalIDString = 3E1C0CB526E9AFA000C5C757;
			remoteInfo = "LastCall-App";
		};
/* End PBXContainerItemProxy section */

/* Begin PBXFileReference section */
		3E1C0CB626E9AFA000C5C757 /* LastCall-App.app */ = {isa = PBXFileReference; explicitFileType = wrapper.application; includeInIndex = 0; path = "LastCall-App.app"; sourceTree = BUILT_PRODUCTS_DIR; };
		3E1C0CB926E9AFA000C5C757 /* AppDelegate.swift */ = {isa = PBXFileReference; lastKnownFileType = sourcecode.swift; path = AppDelegate.swift; sourceTree = "<group>"; };
		3E1C0CBB26E9AFA000C5C757 /* SceneDelegate.swift */ = {isa = PBXFileReference; lastKnownFileType = sourcecode.swift; path = SceneDelegate.swift; sourceTree = "<group>"; };
		3E1C0CBD26E9AFA000C5C757 /* ViewController.swift */ = {isa = PBXFileReference; lastKnownFileType = sourcecode.swift; path = ViewController.swift; sourceTree = "<group>"; };
		3E1C0CC026E9AFA000C5C757 /* Base */ = {isa = PBXFileReference; lastKnownFileType = file.storyboard; name = Base; path = Base.lproj/Main.storyboard; sourceTree = "<group>"; };
		3E1C0CC226E9AFA300C5C757 /* Assets.xcassets */ = {isa = PBXFileReference; lastKnownFileType = folder.assetcatalog; path = Assets.xcassets; sourceTree = "<group>"; };
		3E1C0CC526E9AFA300C5C757 /* Base */ = {isa = PBXFileReference; lastKnownFileType = file.storyboard; name = Base; path = Base.lproj/LaunchScreen.storyboard; sourceTree = "<group>"; };
		3E1C0CC726E9AFA300C5C757 /* Info.plist */ = {isa = PBXFileReference; lastKnownFileType = text.plist.xml; path = Info.plist; sourceTree = "<group>"; };
		3E1C0CCC26E9AFA300C5C757 /* LastCall-AppTests.xctest */ = {isa = PBXFileReference; explicitFileType = wrapper.cfbundle; includeInIndex = 0; path = "LastCall-AppTests.xctest"; sourceTree = BUILT_PRODUCTS_DIR; };
		3E1C0CD026E9AFA300C5C757 /* LastCall_AppTests.swift */ = {isa = PBXFileReference; lastKnownFileType = sourcecode.swift; path = LastCall_AppTests.swift; sourceTree = "<group>"; };
		3E1C0CD226E9AFA300C5C757 /* Info.plist */ = {isa = PBXFileReference; lastKnownFileType = text.plist.xml; path = Info.plist; sourceTree = "<group>"; };
		3E1C0CD726E9AFA300C5C757 /* LastCall-AppUITests.xctest */ = {isa = PBXFileReference; explicitFileType = wrapper.cfbundle; includeInIndex = 0; path = "LastCall-AppUITests.xctest"; sourceTree = BUILT_PRODUCTS_DIR; };
		3E1C0CDB26E9AFA300C5C757 /* LastCall_AppUITests.swift */ = {isa = PBXFileReference; lastKnownFileType = sourcecode.swift; path = LastCall_AppUITests.swift; sourceTree = "<group>"; };
		3E1C0CDD26E9AFA300C5C757 /* Info.plist */ = {isa = PBXFileReference; lastKnownFileType = text.plist.xml; path = Info.plist; sourceTree = "<group>"; };
/* End PBXFileReference section */

/* Begin PBXFrameworksBuildPhase section */
		3E1C0CB326E9AFA000C5C757 /* Frameworks */ = {
			isa = PBXFrameworksBuildPhase;
			buildActionMask = 2147483647;
			files = (
			);
			runOnlyForDeploymentPostprocessing = 0;
		};
		3E1C0CC926E9AFA300C5C757 /* Frameworks */ = {
			isa = PBXFrameworksBuildPhase;
			buildActionMask = 2147483647;
			files = (
			);
			runOnlyForDeploymentPostprocessing = 0;
		};
		3E1C0CD426E9AFA300C5C757 /* Frameworks */ = {
			isa = PBXFrameworksBuildPhase;
			buildActionMask = 2147483647;
			files = (
			);
			runOnlyForDeploymentPostprocessing = 0;
		};
/* End PBXFrameworksBuildPhase section */

/* Begin PBXGroup section */
		3E1C0CAD26E9AFA000C5C757 = {
			isa = PBXGroup;
			children = (
				3E1C0CB826E9AFA000C5C757 /* LastCall-App */,
				3E1C0CCF26E9AFA300C5C757 /* LastCall-AppTests */,
				3E1C0CDA26E9AFA300C5C757 /* LastCall-AppUITests */,
				3E1C0CB726E9AFA000C5C757 /* Products */,
			);
			sourceTree = "<group>";
		};
		3E1C0CB726E9AFA000C5C757 /* Products */ = {
			isa = PBXGroup;
			children = (
				3E1C0CB626E9AFA000C5C757 /* LastCall-App.app */,
				3E1C0CCC26E9AFA300C5C757 /* LastCall-AppTests.xctest */,
				3E1C0CD726E9AFA300C5C757 /* LastCall-AppUITests.xctest */,
			);
			name = Products;
			sourceTree = "<group>";
		};
		3E1C0CB826E9AFA000C5C757 /* LastCall-App */ = {
			isa = PBXGroup;
			children = (
				3E1C0CB926E9AFA000C5C757 /* AppDelegate.swift */,
				3E1C0CBB26E9AFA000C5C757 /* SceneDelegate.swift */,
				3E1C0CBD26E9AFA000C5C757 /* ViewController.swift */,
				3E1C0CBF26E9AFA000C5C757 /* Main.storyboard */,
				3E1C0CC226E9AFA300C5C757 /* Assets.xcassets */,
				3E1C0CC426E9AFA300C5C757 /* LaunchScreen.storyboard */,
				3E1C0CC726E9AFA300C5C757 /* Info.plist */,
			);
			path = "LastCall-App";
			sourceTree = "<group>";
		};
		3E1C0CCF26E9AFA300C5C757 /* LastCall-AppTests */ = {
			isa = PBXGroup;
			children = (
				3E1C0CD026E9AFA300C5C757 /* LastCall_AppTests.swift */,
				3E1C0CD226E9AFA300C5C757 /* Info.plist */,
			);
			path = "LastCall-AppTests";
			sourceTree = "<group>";
		};
		3E1C0CDA26E9AFA300C5C757 /* LastCall-AppUITests */ = {
			isa = PBXGroup;
			children = (
				3E1C0CDB26E9AFA300C5C757 /* LastCall_AppUITests.swift */,
				3E1C0CDD26E9AFA300C5C757 /* Info.plist */,
			);
			path = "LastCall-AppUITests";
			sourceTree = "<group>";
		};
/* End PBXGroup section */

/* Begin PBXNativeTarget section */
		3E1C0CB526E9AFA000C5C757 /* LastCall-App */ = {
			isa = PBXNativeTarget;
			buildConfigurationList = 3E1C0CE026E9AFA300C5C757 /* Build configuration list for PBXNativeTarget "LastCall-App" */;
			buildPhases = (
				3E1C0CB226E9AFA000C5C757 /* Sources */,
				3E1C0CB326E9AFA000C5C757 /* Frameworks */,
				3E1C0CB426E9AFA000C5C757 /* Resources */,
			);
			buildRules = (
			);
			dependencies = (
			);
			name = "LastCall-App";
			productName = "LastCall-App";
			productReference = 3E1C0CB626E9AFA000C5C757 /* LastCall-App.app */;
			productType = "com.apple.product-type.application";
		};
		3E1C0CCB26E9AFA300C5C757 /* LastCall-AppTests */ = {
			isa = PBXNativeTarget;
			buildConfigurationList = 3E1C0CE326E9AFA300C5C757 /* Build configuration list for PBXNativeTarget "LastCall-AppTests" */;
			buildPhases = (
				3E1C0CC826E9AFA300C5C757 /* Sources */,
				3E1C0CC926E9AFA300C5C757 /* Frameworks */,
				3E1C0CCA26E9AFA300C5C757 /* Resources */,
			);
			buildRules = (
			);
			dependencies = (
				3E1C0CCE26E9AFA300C5C757 /* PBXTargetDependency */,
			);
			name = "LastCall-AppTests";
			productName = "LastCall-AppTests";
			productReference = 3E1C0CCC26E9AFA300C5C757 /* LastCall-AppTests.xctest */;
			productType = "com.apple.product-type.bundle.unit-test";
		};
		3E1C0CD626E9AFA300C5C757 /* LastCall-AppUITests */ = {
			isa = PBXNativeTarget;
			buildConfigurationList = 3E1C0CE626E9AFA300C5C757 /* Build configuration list for PBXNativeTarget "LastCall-AppUITests" */;
			buildPhases = (
				3E1C0CD326E9AFA300C5C757 /* Sources */,
				3E1C0CD426E9AFA300C5C757 /* Frameworks */,
				3E1C0CD526E9AFA300C5C757 /* Resources */,
			);
			buildRules = (
			);
			dependencies = (
				3E1C0CD926E9AFA300C5C757 /* PBXTargetDependency */,
			);
			name = "LastCall-AppUITests";
			productName = "LastCall-AppUITests";
			productReference = 3E1C0CD726E9AFA300C5C757 /* LastCall-AppUITests.xctest */;
			productType = "com.apple.product-type.bundle.ui-testing";
		};
/* End PBXNativeTarget section */

/* Begin PBXProject section */
		3E1C0CAE26E9AFA000C5C757 /* Project object */ = {
			isa = PBXProject;
			attributes = {
				LastSwiftUpdateCheck = 1210;
				LastUpgradeCheck = 1210;
				TargetAttributes = {
					3E1C0CB526E9AFA000C5C757 = {
						CreatedOnToolsVersion = 12.1;
					};
					3E1C0CCB26E9AFA300C5C757 = {
						CreatedOnToolsVersion = 12.1;
						TestTargetID = 3E1C0CB526E9AFA000C5C757;
					};
					3E1C0CD626E9AFA300C5C757 = {
						CreatedOnToolsVersion = 12.1;
						TestTargetID = 3E1C0CB526E9AFA000C5C757;
					};
				};
			};
			buildConfigurationList = 3E1C0CB126E9AFA000C5C757 /* Build configuration list for PBXProject "LastCall-App" */;
			compatibilityVersion = "Xcode 9.3";
			developmentRegion = en;
			hasScannedForEncodings = 0;
			knownRegions = (
				en,
				Base,
			);
			mainGroup = 3E1C0CAD26E9AFA000C5C757;
			productRefGroup = 3E1C0CB726E9AFA000C5C757 /* Products */;
			projectDirPath = "";
			projectRoot = "";
			targets = (
				3E1C0CB526E9AFA000C5C757 /* LastCall-App */,
				3E1C0CCB26E9AFA300C5C757 /* LastCall-AppTests */,
				3E1C0CD626E9AFA300C5C757 /* LastCall-AppUITests */,
			);
		};
/* End PBXProject section */

/* Begin PBXResourcesBuildPhase section */
		3E1C0CB426E9AFA000C5C757 /* Resources */ = {
			isa = PBXResourcesBuildPhase;
			buildActionMask = 2147483647;
			files = (
				3E1C0CC626E9AFA300C5C757 /* LaunchScreen.storyboard in Resources */,
				3E1C0CC326E9AFA300C5C757 /* Assets.xcassets in Resources */,
				3E1C0CC126E9AFA000C5C757 /* Main.storyboard in Resources */,
			);
			runOnlyForDeploymentPostprocessing = 0;
		};
		3E1C0CCA26E9AFA300C5C757 /* Resources */ = {
			isa = PBXResourcesBuildPhase;
			buildActionMask = 2147483647;
			files = (
			);
			runOnlyForDeploymentPostprocessing = 0;
		};
		3E1C0CD526E9AFA300C5C757 /* Resources */ = {
			isa = PBXResourcesBuildPhase;
			buildActionMask = 2147483647;
			files = (
			);
			runOnlyForDeploymentPostprocessing = 0;
		};
/* End PBXResourcesBuildPhase section */

/* Begin PBXSourcesBuildPhase section */
		3E1C0CB226E9AFA000C5C757 /* Sources */ = {
			isa = PBXSourcesBuildPhase;
			buildActionMask = 2147483647;
			files = (
				3E1C0CBE26E9AFA000C5C757 /* ViewController.swift in Sources */,
				3E1C0CBA26E9AFA000C5C757 /* AppDelegate.swift in Sources */,
				3E1C0CBC26E9AFA000C5C757 /* SceneDelegate.swift in Sources */,
			);
			runOnlyForDeploymentPostprocessing = 0;
		};
		3E1C0CC826E9AFA300C5C757 /* Sources */ = {
			isa = PBXSourcesBuildPhase;
			buildActionMask = 2147483647;
			files = (
				3E1C0CD126E9AFA300C5C757 /* LastCall_AppTests.swift in Sources */,
			);
			runOnlyForDeploymentPostprocessing = 0;
		};
		3E1C0CD326E9AFA300C5C757 /* Sources */ = {
			isa = PBXSourcesBuildPhase;
			buildActionMask = 2147483647;
			files = (
				3E1C0CDC26E9AFA300C5C757 /* LastCall_AppUITests.swift in Sources */,
			);
			runOnlyForDeploymentPostprocessing = 0;
		};
/* End PBXSourcesBuildPhase section */

/* Begin PBXTargetDependency section */
		3E1C0CCE26E9AFA300C5C757 /* PBXTargetDependency */ = {
			isa = PBXTargetDependency;
			target = 3E1C0CB526E9AFA000C5C757 /* LastCall-App */;
			targetProxy = 3E1C0CCD26E9AFA300C5C757 /* PBXContainerItemProxy */;
		};
		3E1C0CD926E9AFA300C5C757 /* PBXTargetDependency */ = {
			isa = PBXTargetDependency;
			target = 3E1C0CB526E9AFA000C5C757 /* LastCall-App */;
			targetProxy = 3E1C0CD826E9AFA300C5C757 /* PBXContainerItemProxy */;
		};
/* End PBXTargetDependency section */

/* Begin PBXVariantGroup section */
		3E1C0CBF26E9AFA000C5C757 /* Main.storyboard */ = {
			isa = PBXVariantGroup;
			children = (
				3E1C0CC026E9AFA000C5C757 /* Base */,
			);
			name = Main.storyboard;
			sourceTree = "<group>";
		};
		3E1C0CC426E9AFA300C5C757 /* LaunchScreen.storyboard */ = {
			isa = PBXVariantGroup;
			children = (
				3E1C0CC526E9AFA300C5C757 /* Base */,
			);
			name = LaunchScreen.storyboard;
			sourceTree = "<group>";
		};
/* End PBXVariantGroup section */

/* Begin XCBuildConfiguration section */
		3E1C0CDE26E9AFA300C5C757 /* Debug */ = {
			isa = XCBuildConfiguration;
			buildSettings = {
				ALWAYS_SEARCH_USER_PATHS = NO;
				CLANG_ANALYZER_NONNULL = YES;
				CLANG_ANALYZER_NUMBER_OBJECT_CONVERSION = YES_AGGRESSIVE;
				CLANG_CXX_LANGUAGE_STANDARD = "gnu++14";
				CLANG_CXX_LIBRARY = "libc++";
				CLANG_ENABLE_MODULES = YES;
				CLANG_ENABLE_OBJC_ARC = YES;
				CLANG_ENABLE_OBJC_WEAK = YES;
				CLANG_WARN_BLOCK_CAPTURE_AUTORELEASING = YES;
				CLANG_WARN_BOOL_CONVERSION = YES;
				CLANG_WARN_COMMA = YES;
				CLANG_WARN_CONSTANT_CONVERSION = YES;
				CLANG_WARN_DEPRECATED_OBJC_IMPLEMENTATIONS = YES;
				CLANG_WARN_DIRECT_OBJC_ISA_USAGE = YES_ERROR;
				CLANG_WARN_DOCUMENTATION_COMMENTS = YES;
				CLANG_WARN_EMPTY_BODY = YES;
				CLANG_WARN_ENUM_CONVERSION = YES;
				CLANG_WARN_INFINITE_RECURSION = YES;
				CLANG_WARN_INT_CONVERSION = YES;
				CLANG_WARN_NON_LITERAL_NULL_CONVERSION = YES;
				CLANG_WARN_OBJC_IMPLICIT_RETAIN_SELF = YES;
				CLANG_WARN_OBJC_LITERAL_CONVERSION = YES;
				CLANG_WARN_OBJC_ROOT_CLASS = YES_ERROR;
				CLANG_WARN_QUOTED_INCLUDE_IN_FRAMEWORK_HEADER = YES;
				CLANG_WARN_RANGE_LOOP_ANALYSIS = YES;
				CLANG_WARN_STRICT_PROTOTYPES = YES;
				CLANG_WARN_SUSPICIOUS_MOVE = YES;
				CLANG_WARN_UNGUARDED_AVAILABILITY = YES_AGGRESSIVE;
				CLANG_WARN_UNREACHABLE_CODE = YES;
				CLANG_WARN__DUPLICATE_METHOD_MATCH = YES;
				COPY_PHASE_STRIP = NO;
				DEBUG_INFORMATION_FORMAT = dwarf;
				ENABLE_STRICT_OBJC_MSGSEND = YES;
				ENABLE_TESTABILITY = YES;
				GCC_C_LANGUAGE_STANDARD = gnu11;
				GCC_DYNAMIC_NO_PIC = NO;
				GCC_NO_COMMON_BLOCKS = YES;
				GCC_OPTIMIZATION_LEVEL = 0;
				GCC_PREPROCESSOR_DEFINITIONS = (
					"DEBUG=1",
					"$(inherited)",
				);
				GCC_WARN_64_TO_32_BIT_CONVERSION = YES;
				GCC_WARN_ABOUT_RETURN_TYPE = YES_ERROR;
				GCC_WARN_UNDECLARED_SELECTOR = YES;
				GCC_WARN_UNINITIALIZED_AUTOS = YES_AGGRESSIVE;
				GCC_WARN_UNUSED_FUNCTION = YES;
				GCC_WARN_UNUSED_VARIABLE = YES;
				IPHONEOS_DEPLOYMENT_TARGET = 14.1;
				MTL_ENABLE_DEBUG_INFO = INCLUDE_SOURCE;
				MTL_FAST_MATH = YES;
				ONLY_ACTIVE_ARCH = YES;
				SDKROOT = iphoneos;
				SWIFT_ACTIVE_COMPILATION_CONDITIONS = DEBUG;
				SWIFT_OPTIMIZATION_LEVEL = "-Onone";
			};
			name = Debug;
		};
		3E1C0CDF26E9AFA300C5C757 /* Release */ = {
			isa = XCBuildConfiguration;
			buildSettings = {
				ALWAYS_SEARCH_USER_PATHS = NO;
				CLANG_ANALYZER_NONNULL = YES;
				CLANG_ANALYZER_NUMBER_OBJECT_CONVERSION = YES_AGGRESSIVE;
				CLANG_CXX_LANGUAGE_STANDARD = "gnu++14";
				CLANG_CXX_LIBRARY = "libc++";
				CLANG_ENABLE_MODULES = YES;
				CLANG_ENABLE_OBJC_ARC = YES;
				CLANG_ENABLE_OBJC_WEAK = YES;
				CLANG_WARN_BLOCK_CAPTURE_AUTORELEASING = YES;
				CLANG_WARN_BOOL_CONVERSION = YES;
				CLANG_WARN_COMMA = YES;
				CLANG_WARN_CONSTANT_CONVERSION = YES;
				CLANG_WARN_DEPRECATED_OBJC_IMPLEMENTATIONS = YES;
				CLANG_WARN_DIRECT_OBJC_ISA_USAGE = YES_ERROR;
				CLANG_WARN_DOCUMENTATION_COMMENTS = YES;
				CLANG_WARN_EMPTY_BODY = YES;
				CLANG_WARN_ENUM_CONVERSION = YES;
				CLANG_WARN_INFINITE_RECURSION = YES;
				CLANG_WARN_INT_CONVERSION = YES;
				CLANG_WARN_NON_LITERAL_NULL_CONVERSION = YES;
				CLANG_WARN_OBJC_IMPLICIT_RETAIN_SELF = YES;
				CLANG_WARN_OBJC_LITERAL_CONVERSION = YES;
				CLANG_WARN_OBJC_ROOT_CLASS = YES_ERROR;
				CLANG_WARN_QUOTED_INCLUDE_IN_FRAMEWORK_HEADER = YES;
				CLANG_WARN_RANGE_LOOP_ANALYSIS = YES;
				CLANG_WARN_STRICT_PROTOTYPES = YES;
				CLANG_WARN_SUSPICIOUS_MOVE = YES;
				CLANG_WARN_UNGUARDED_AVAILABILITY = YES_AGGRESSIVE;
				CLANG_WARN_UNREACHABLE_CODE = YES;
				CLANG_WARN__DUPLICATE_METHOD_MATCH = YES;
				COPY_PHASE_STRIP = NO;
				DEBUG_INFORMATION_FORMAT = "dwarf-with-dsym";
				ENABLE_NS_ASSERTIONS = NO;
				ENABLE_STRICT_OBJC_MSGSEND = YES;
				GCC_C_LANGUAGE_STANDARD = gnu11;
				GCC_NO_COMMON_BLOCKS = YES;
				GCC_WARN_64_TO_32_BIT_CONVERSION = YES;
				GCC_WARN_ABOUT_RETURN_TYPE = YES_ERROR;
				GCC_WARN_UNDECLARED_SELECTOR = YES;
				GCC_WARN_UNINITIALIZED_AUTOS = YES_AGGRESSIVE;
				GCC_WARN_UNUSED_FUNCTION = YES;
				GCC_WARN_UNUSED_VARIABLE = YES;
				IPHONEOS_DEPLOYMENT_TARGET = 14.1;
				MTL_ENABLE_DEBUG_INFO = NO;
				MTL_FAST_MATH = YES;
				SDKROOT = iphoneos;
				SWIFT_COMPILATION_MODE = wholemodule;
				SWIFT_OPTIMIZATION_LEVEL = "-O";
				VALIDATE_PRODUCT = YES;
			};
			name = Release;
		};
		3E1C0CE126E9AFA300C5C757 /* Debug */ = {
			isa = XCBuildConfiguration;
			buildSettings = {
				ASSETCATALOG_COMPILER_APPICON_NAME = AppIcon;
				ASSETCATALOG_COMPILER_GLOBAL_ACCENT_COLOR_NAME = AccentColor;
				CODE_SIGN_STYLE = Automatic;
				DEVELOPMENT_TEAM = 6UA5RNM528;
				INFOPLIST_FILE = "LastCall-App/Info.plist";
				LD_RUNPATH_SEARCH_PATHS = (
					"$(inherited)",
					"@executable_path/Frameworks",
				);
				PRODUCT_BUNDLE_IDENTIFIER = "org.pursuit.LastCall-App";
				PRODUCT_NAME = "$(TARGET_NAME)";
				SWIFT_VERSION = 5.0;
				TARGETED_DEVICE_FAMILY = "1,2";
			};
			name = Debug;
		};
		3E1C0CE226E9AFA300C5C757 /* Release */ = {
			isa = XCBuildConfiguration;
			buildSettings = {
				ASSETCATALOG_COMPILER_APPICON_NAME = AppIcon;
				ASSETCATALOG_COMPILER_GLOBAL_ACCENT_COLOR_NAME = AccentColor;
				CODE_SIGN_STYLE = Automatic;
				DEVELOPMENT_TEAM = 6UA5RNM528;
				INFOPLIST_FILE = "LastCall-App/Info.plist";
				LD_RUNPATH_SEARCH_PATHS = (
					"$(inherited)",
					"@executable_path/Frameworks",
				);
				PRODUCT_BUNDLE_IDENTIFIER = "org.pursuit.LastCall-App";
				PRODUCT_NAME = "$(TARGET_NAME)";
				SWIFT_VERSION = 5.0;
				TARGETED_DEVICE_FAMILY = "1,2";
			};
			name = Release;
		};
		3E1C0CE426E9AFA300C5C757 /* Debug */ = {
			isa = XCBuildConfiguration;
			buildSettings = {
				ALWAYS_EMBED_SWIFT_STANDARD_LIBRARIES = YES;
				BUNDLE_LOADER = "$(TEST_HOST)";
				CODE_SIGN_STYLE = Automatic;
				DEVELOPMENT_TEAM = 6UA5RNM528;
				INFOPLIST_FILE = "LastCall-AppTests/Info.plist";
				IPHONEOS_DEPLOYMENT_TARGET = 14.1;
				LD_RUNPATH_SEARCH_PATHS = (
					"$(inherited)",
					"@executable_path/Frameworks",
					"@loader_path/Frameworks",
				);
				PRODUCT_BUNDLE_IDENTIFIER = "org.pursuit.LastCall-AppTests";
				PRODUCT_NAME = "$(TARGET_NAME)";
				SWIFT_VERSION = 5.0;
				TARGETED_DEVICE_FAMILY = "1,2";
				TEST_HOST = "$(BUILT_PRODUCTS_DIR)/LastCall-App.app/LastCall-App";
			};
			name = Debug;
		};
		3E1C0CE526E9AFA300C5C757 /* Release */ = {
			isa = XCBuildConfiguration;
			buildSettings = {
				ALWAYS_EMBED_SWIFT_STANDARD_LIBRARIES = YES;
				BUNDLE_LOADER = "$(TEST_HOST)";
				CODE_SIGN_STYLE = Automatic;
				DEVELOPMENT_TEAM = 6UA5RNM528;
				INFOPLIST_FILE = "LastCall-AppTests/Info.plist";
				IPHONEOS_DEPLOYMENT_TARGET = 14.1;
				LD_RUNPATH_SEARCH_PATHS = (
					"$(inherited)",
					"@executable_path/Frameworks",
					"@loader_path/Frameworks",
				);
				PRODUCT_BUNDLE_IDENTIFIER = "org.pursuit.LastCall-AppTests";
				PRODUCT_NAME = "$(TARGET_NAME)";
				SWIFT_VERSION = 5.0;
				TARGETED_DEVICE_FAMILY = "1,2";
				TEST_HOST = "$(BUILT_PRODUCTS_DIR)/LastCall-App.app/LastCall-App";
			};
			name = Release;
		};
		3E1C0CE726E9AFA300C5C757 /* Debug */ = {
			isa = XCBuildConfiguration;
			buildSettings = {
				ALWAYS_EMBED_SWIFT_STANDARD_LIBRARIES = YES;
				CODE_SIGN_STYLE = Automatic;
				DEVELOPMENT_TEAM = 6UA5RNM528;
				INFOPLIST_FILE = "LastCall-AppUITests/Info.plist";
				LD_RUNPATH_SEARCH_PATHS = (
					"$(inherited)",
					"@executable_path/Frameworks",
					"@loader_path/Frameworks",
				);
				PRODUCT_BUNDLE_IDENTIFIER = "org.pursuit.LastCall-AppUITests";
				PRODUCT_NAME = "$(TARGET_NAME)";
				SWIFT_VERSION = 5.0;
				TARGETED_DEVICE_FAMILY = "1,2";
				TEST_TARGET_NAME = "LastCall-App";
			};
			name = Debug;
		};
		3E1C0CE826E9AFA300C5C757 /* Release */ = {
			isa = XCBuildConfiguration;
			buildSettings = {
				ALWAYS_EMBED_SWIFT_STANDARD_LIBRARIES = YES;
				CODE_SIGN_STYLE = Automatic;
				DEVELOPMENT_TEAM = 6UA5RNM528;
				INFOPLIST_FILE = "LastCall-AppUITests/Info.plist";
				LD_RUNPATH_SEARCH_PATHS = (
					"$(inherited)",
					"@executable_path/Frameworks",
					"@loader_path/Frameworks",
				);
				PRODUCT_BUNDLE_IDENTIFIER = "org.pursuit.LastCall-AppUITests";
				PRODUCT_NAME = "$(TARGET_NAME)";
				SWIFT_VERSION = 5.0;
				TARGETED_DEVICE_FAMILY = "1,2";
				TEST_TARGET_NAME = "LastCall-App";
			};
			name = Release;
		};
/* End XCBuildConfiguration section */

/* Begin XCConfigurationList section */
		3E1C0CB126E9AFA000C5C757 /* Build configuration list for PBXProject "LastCall-App" */ = {
			isa = XCConfigurationList;
			buildConfigurations = (
				3E1C0CDE26E9AFA300C5C757 /* Debug */,
				3E1C0CDF26E9AFA300C5C757 /* Release */,
			);
			defaultConfigurationIsVisible = 0;
			defaultConfigurationName = Release;
		};
		3E1C0CE026E9AFA300C5C757 /* Build configuration list for PBXNativeTarget "LastCall-App" */ = {
			isa = XCConfigurationList;
			buildConfigurations = (
				3E1C0CE126E9AFA300C5C757 /* Debug */,
				3E1C0CE226E9AFA300C5C757 /* Release */,
			);
			defaultConfigurationIsVisible = 0;
			defaultConfigurationName = Release;
		};
		3E1C0CE326E9AFA300C5C757 /* Build configuration list for PBXNativeTarget "LastCall-AppTests" */ = {
			isa = XCConfigurationList;
			buildConfigurations = (
				3E1C0CE426E9AFA300C5C757 /* Debug */,
				3E1C0CE526E9AFA300C5C757 /* Release */,
			);
			defaultConfigurationIsVisible = 0;
			defaultConfigurationName = Release;
		};
		3E1C0CE626E9AFA300C5C757 /* Build configuration list for PBXNativeTarget "LastCall-AppUITests" */ = {
			isa = XCConfigurationList;
			buildConfigurations = (
				3E1C0CE726E9AFA300C5C757 /* Debug */,
				3E1C0CE826E9AFA300C5C757 /* Release */,
			);
			defaultConfigurationIsVisible = 0;
			defaultConfigurationName = Release;
		};
/* End XCConfigurationList section */
	};
	rootObject = 3E1C0CAE26E9AFA000C5C757 /* Project object */;
}
